
Microsoft Visual Studio Solution File, Format Version 12.00
# Visual Studio Version 17
VisualStudioVersion = 17.3.32929.385
MinimumVisualStudioVersion = 10.0.40219.1
Project("{9A19103F-16F7-4668-BE54-9A1E7A4F7556}") = "webpconv", "webpconv.csproj", "{8885C405-748F-4682-BAAB-EB2729CF7064}"
EndProject
Project("{2150E333-8FDC-42A3-9474-1A3956D46DE8}") = "Solution Items", "Solution Items", "{145E4D55-8C87-41B2-B153-B211B14999EB}"
	ProjectSection(SolutionItems) = preProject
		.editorconfig = .editorconfig
	EndProjectSection
EndProject
Global
	GlobalSection(SolutionConfigurationPlatforms) = preSolution
		Debug|Any CPU = Debug|Any CPU
		Release|Any CPU = Release|Any CPU
	EndGlobalSection
	GlobalSection(ProjectConfigurationPlatforms) = postSolution
		{8885C405-748F-4682-BAAB-EB2729CF7064}.Debug|Any CPU.ActiveCfg = Debug|Any CPU
		{8885C405-748F-4682-BAAB-EB2729CF7064}.Debug|Any CPU.Build.0 = Debug|Any CPU
		{8885C405-748F-4682-BAAB-EB2729CF7064}.Release|Any CPU.ActiveCfg = Release|Any CPU
		{8885C405-748F-4682-BAAB-EB2729CF7064}.Release|Any CPU.Build.0 = Release|Any CPU
	EndGlobalSection
	GlobalSection(SolutionProperties) = preSolution
		HideSolutionNode = FALSE
	EndGlobalSection
	GlobalSection(ExtensibilityGlobals) = postSolution
		SolutionGuid = {2D51D892-B64F-4691-B594-9EA294B5B9AF}
	EndGlobalSection
EndGlobal
